
Microsoft Visual Studio Solution File, Format Version 12.00
# Visual Studio Version 16
VisualStudioVersion = 16.0.31229.75
MinimumVisualStudioVersion = 10.0.40219.1
Project("{8BC9CEB8-8B4A-11D0-8D11-00A0C91BC942}") = "20210703", "20210703.vcxproj", "{04A45ADA-082D-40A1-BBA3-3B305AEEACB8}"
EndProject
Global
	GlobalSection(SolutionConfigurationPlatforms) = preSolution
		Debug|x64 = Debug|x64
		Debug|x86 = Debug|x86
		Release|x64 = Release|x64
		Release|x86 = Release|x86
	EndGlobalSection
	GlobalSection(ProjectConfigurationPlatforms) = postSolution
		{04A45ADA-082D-40A1-BBA3-3B305AEEACB8}.Debug|x64.ActiveCfg = Debug|x64
		{04A45ADA-082D-40A1-BBA3-3B305AEEACB8}.Debug|x64.Build.0 = Debug|x64
		{04A45ADA-082D-40A1-BBA3-3B305AEEACB8}.Debug|x86.ActiveCfg = Debug|Win32
		{04A45ADA-082D-40A1-BBA3-3B305AEEACB8}.Debug|x86.Build.0 = Debug|Win32
		{04A45ADA-082D-40A1-BBA3-3B305AEEACB8}.Release|x64.ActiveCfg = Release|x64
		{04A45ADA-082D-40A1-BBA3-3B305AEEACB8}.Release|x64.Build.0 = Release|x64
		{04A45ADA-082D-40A1-BBA3-3B305AEEACB8}.Release|x86.ActiveCfg = Release|Win32
		{04A45ADA-082D-40A1-BBA3-3B305AEEACB8}.Release|x86.Build.0 = Release|Win32
	EndGlobalSection
	GlobalSection(SolutionProperties) = preSolution
		HideSolutionNode = FALSE
	EndGlobalSection
	GlobalSection(ExtensibilityGlobals) = postSolution
		SolutionGuid = {A752128A-AA0D-47A7-B586-7B6507C5F3C7}
	EndGlobalSection
EndGlobal
